
Microsoft Visual Studio Solution File, Format Version 12.00
# Visual Studio Version 16
VisualStudioVersion = 16.0.31829.152
MinimumVisualStudioVersion = 10.0.40219.1
Project("{8BC9CEB8-8B4A-11D0-8D11-00A0C91BC942}") = "Analiza_Limbii_Romane", "Analiza_Limbii_Romane.vcxproj", "{A7B356ED-22C4-4827-92A7-DDE90A9B6D55}"
EndProject
Global
	GlobalSection(SolutionConfigurationPlatforms) = preSolution
		Debug|x64 = Debug|x64
		Debug|x86 = Debug|x86
		Release|x64 = Release|x64
		Release|x86 = Release|x86
	EndGlobalSection
	GlobalSection(ProjectConfigurationPlatforms) = postSolution
		{A7B356ED-22C4-4827-92A7-DDE90A9B6D55}.Debug|x64.ActiveCfg = Debug|x64
		{A7B356ED-22C4-4827-92A7-DDE90A9B6D55}.Debug|x64.Build.0 = Debug|x64
		{A7B356ED-22C4-4827-92A7-DDE90A9B6D55}.Debug|x86.ActiveCfg = Debug|Win32
		{A7B356ED-22C4-4827-92A7-DDE90A9B6D55}.Debug|x86.Build.0 = Debug|Win32
		{A7B356ED-22C4-4827-92A7-DDE90A9B6D55}.Release|x64.ActiveCfg = Release|x64
		{A7B356ED-22C4-4827-92A7-DDE90A9B6D55}.Release|x64.Build.0 = Release|x64
		{A7B356ED-22C4-4827-92A7-DDE90A9B6D55}.Release|x86.ActiveCfg = Release|Win32
		{A7B356ED-22C4-4827-92A7-DDE90A9B6D55}.Release|x86.Build.0 = Release|Win32
	EndGlobalSection
	GlobalSection(SolutionProperties) = preSolution
		HideSolutionNode = FALSE
	EndGlobalSection
	GlobalSection(ExtensibilityGlobals) = postSolution
		SolutionGuid = {B95FD4D4-70DA-481F-960B-6E6B6796C618}
	EndGlobalSection
EndGlobal
